
Microsoft Visual Studio Solution File, Format Version 12.00
# Visual Studio 15
Project("{FAE04EC0-301F-11D3-BF4B-00C04F79EFBC}") = "PuzzleGame", "PuzzleGame.csproj", "{3459C503-4B39-D73B-AC6F-FA3A76FB1078}"
EndProject
Project("{FAE04EC0-301F-11D3-BF4B-00C04F79EFBC}") = "~StartMenu", "~StartMenu.csproj", "{D2D78BC3-5A0D-04EF-BE7B-5C0095E476C0}"
EndProject
Project("{FAE04EC0-301F-11D3-BF4B-00C04F79EFBC}") = "Editor_Common", "Editor_Common.csproj", "{4515CF8C-D010-E6DC-319E-E452A370D349}"
EndProject
Project("{FAE04EC0-301F-11D3-BF4B-00C04F79EFBC}") = "CoreGame", "CoreGame.csproj", "{FE9BDCD4-369B-DF85-6665-8E0251B2C44B}"
EndProject
Project("{FAE04EC0-301F-11D3-BF4B-00C04F79EFBC}") = "OdinSerializer", "OdinSerializer.csproj", "{A681D4DB-01A1-7910-AB52-5F994409AF08}"
EndProject
Project("{FAE04EC0-301F-11D3-BF4B-00C04F79EFBC}") = "Tests", "Tests.csproj", "{27E95A58-32E7-ECDD-E47F-C1F25142E453}"
EndProject
Project("{FAE04EC0-301F-11D3-BF4B-00C04F79EFBC}") = "GameConfigurationID", "GameConfigurationID.csproj", "{E459BBE2-9160-77A5-DC93-1A3E692106CB}"
EndProject
Project("{FAE04EC0-301F-11D3-BF4B-00C04F79EFBC}") = "AdventureGame", "AdventureGame.csproj", "{F166990D-8474-7606-2C5D-4DD059FAED65}"
EndProject
Project("{FAE04EC0-301F-11D3-BF4B-00C04F79EFBC}") = "Editor", "Editor.csproj", "{A49DEB64-1BB8-7A03-3613-F94BABF7F69E}"
EndProject
Global
	GlobalSection(SolutionConfigurationPlatforms) = preSolution
		Debug|Any CPU = Debug|Any CPU
		Release|Any CPU = Release|Any CPU
	EndGlobalSection
	GlobalSection(ProjectConfigurationPlatforms) = postSolution
		{3459C503-4B39-D73B-AC6F-FA3A76FB1078}.Debug|Any CPU.ActiveCfg = Debug|Any CPU
		{3459C503-4B39-D73B-AC6F-FA3A76FB1078}.Debug|Any CPU.Build.0 = Debug|Any CPU
		{3459C503-4B39-D73B-AC6F-FA3A76FB1078}.Release|Any CPU.ActiveCfg = Release|Any CPU
		{3459C503-4B39-D73B-AC6F-FA3A76FB1078}.Release|Any CPU.Build.0 = Release|Any CPU
		{D2D78BC3-5A0D-04EF-BE7B-5C0095E476C0}.Debug|Any CPU.ActiveCfg = Debug|Any CPU
		{D2D78BC3-5A0D-04EF-BE7B-5C0095E476C0}.Debug|Any CPU.Build.0 = Debug|Any CPU
		{D2D78BC3-5A0D-04EF-BE7B-5C0095E476C0}.Release|Any CPU.ActiveCfg = Release|Any CPU
		{D2D78BC3-5A0D-04EF-BE7B-5C0095E476C0}.Release|Any CPU.Build.0 = Release|Any CPU
		{4515CF8C-D010-E6DC-319E-E452A370D349}.Debug|Any CPU.ActiveCfg = Debug|Any CPU
		{4515CF8C-D010-E6DC-319E-E452A370D349}.Debug|Any CPU.Build.0 = Debug|Any CPU
		{4515CF8C-D010-E6DC-319E-E452A370D349}.Release|Any CPU.ActiveCfg = Release|Any CPU
		{4515CF8C-D010-E6DC-319E-E452A370D349}.Release|Any CPU.Build.0 = Release|Any CPU
		{FE9BDCD4-369B-DF85-6665-8E0251B2C44B}.Debug|Any CPU.ActiveCfg = Debug|Any CPU
		{FE9BDCD4-369B-DF85-6665-8E0251B2C44B}.Debug|Any CPU.Build.0 = Debug|Any CPU
		{FE9BDCD4-369B-DF85-6665-8E0251B2C44B}.Release|Any CPU.ActiveCfg = Release|Any CPU
		{FE9BDCD4-369B-DF85-6665-8E0251B2C44B}.Release|Any CPU.Build.0 = Release|Any CPU
		{A681D4DB-01A1-7910-AB52-5F994409AF08}.Debug|Any CPU.ActiveCfg = Debug|Any CPU
		{A681D4DB-01A1-7910-AB52-5F994409AF08}.Debug|Any CPU.Build.0 = Debug|Any CPU
		{A681D4DB-01A1-7910-AB52-5F994409AF08}.Release|Any CPU.ActiveCfg = Release|Any CPU
		{A681D4DB-01A1-7910-AB52-5F994409AF08}.Release|Any CPU.Build.0 = Release|Any CPU
		{27E95A58-32E7-ECDD-E47F-C1F25142E453}.Debug|Any CPU.ActiveCfg = Debug|Any CPU
		{27E95A58-32E7-ECDD-E47F-C1F25142E453}.Debug|Any CPU.Build.0 = Debug|Any CPU
		{27E95A58-32E7-ECDD-E47F-C1F25142E453}.Release|Any CPU.ActiveCfg = Release|Any CPU
		{27E95A58-32E7-ECDD-E47F-C1F25142E453}.Release|Any CPU.Build.0 = Release|Any CPU
		{E459BBE2-9160-77A5-DC93-1A3E692106CB}.Debug|Any CPU.ActiveCfg = Debug|Any CPU
		{E459BBE2-9160-77A5-DC93-1A3E692106CB}.Debug|Any CPU.Build.0 = Debug|Any CPU
		{E459BBE2-9160-77A5-DC93-1A3E692106CB}.Release|Any CPU.ActiveCfg = Release|Any CPU
		{E459BBE2-9160-77A5-DC93-1A3E692106CB}.Release|Any CPU.Build.0 = Release|Any CPU
		{F166990D-8474-7606-2C5D-4DD059FAED65}.Debug|Any CPU.ActiveCfg = Debug|Any CPU
		{F166990D-8474-7606-2C5D-4DD059FAED65}.Debug|Any CPU.Build.0 = Debug|Any CPU
		{F166990D-8474-7606-2C5D-4DD059FAED65}.Release|Any CPU.ActiveCfg = Release|Any CPU
		{F166990D-8474-7606-2C5D-4DD059FAED65}.Release|Any CPU.Build.0 = Release|Any CPU
		{A49DEB64-1BB8-7A03-3613-F94BABF7F69E}.Debug|Any CPU.ActiveCfg = Debug|Any CPU
		{A49DEB64-1BB8-7A03-3613-F94BABF7F69E}.Debug|Any CPU.Build.0 = Debug|Any CPU
		{A49DEB64-1BB8-7A03-3613-F94BABF7F69E}.Release|Any CPU.ActiveCfg = Release|Any CPU
		{A49DEB64-1BB8-7A03-3613-F94BABF7F69E}.Release|Any CPU.Build.0 = Release|Any CPU
	EndGlobalSection
	GlobalSection(SolutionProperties) = preSolution
		HideSolutionNode = FALSE
	EndGlobalSection
EndGlobal
