
Microsoft Visual Studio Solution File, Format Version 11.00
# Visual Studio 2010
Project("{FAE04EC0-301F-11D3-BF4B-00C04F79EFBC}") = "LevelManagement", "LevelManagement.csproj", "{F9A056B6-F4BF-D32F-5783-F99516EBF2DD}"
EndProject
Project("{FAE04EC0-301F-11D3-BF4B-00C04F79EFBC}") = "RangeObjects", "RangeObjects.csproj", "{B0B86AC7-E423-566C-6E55-58B5FDE37DF9}"
EndProject
Project("{FAE04EC0-301F-11D3-BF4B-00C04F79EFBC}") = "AnimatorPlayable", "AnimatorPlayable.csproj", "{00DCCEBF-15A4-1F84-23B7-1B0D3901D4D1}"
EndProject
Project("{FAE04EC0-301F-11D3-BF4B-00C04F79EFBC}") = "~StartMenu", "~StartMenu.csproj", "{DE2B0528-6689-E76B-8664-E408396671C1}"
EndProject
Project("{FAE04EC0-301F-11D3-BF4B-00C04F79EFBC}") = "Editor_Common", "Editor_Common.csproj", "{D2645906-D846-DC24-BADC-9B49DE344A34}"
EndProject
Project("{FAE04EC0-301F-11D3-BF4B-00C04F79EFBC}") = "Damage", "Damage.csproj", "{C8439A5B-3C4B-7B38-580C-E5D09B5E18BB}"
EndProject
Project("{FAE04EC0-301F-11D3-BF4B-00C04F79EFBC}") = "SelectionObjects", "SelectionObjects.csproj", "{3ED6129A-F77C-7D87-CFDC-573822D6A1E2}"
EndProject
Project("{FAE04EC0-301F-11D3-BF4B-00C04F79EFBC}") = "InteractiveObjects_Interfaces", "InteractiveObjects_Interfaces.csproj", "{AE57611A-DD84-95F8-F8D2-666EC87D1249}"
EndProject
Project("{FAE04EC0-301F-11D3-BF4B-00C04F79EFBC}") = "InteractiveObject_Animation", "InteractiveObject_Animation.csproj", "{0E88EFEB-BC03-DBFA-6206-66F073959B55}"
EndProject
Project("{FAE04EC0-301F-11D3-BF4B-00C04F79EFBC}") = "Weapon", "Weapon.csproj", "{DD9001CA-9B59-601F-309B-0FEB0284AAD1}"
EndProject
Project("{FAE04EC0-301F-11D3-BF4B-00C04F79EFBC}") = "OdinSerializer", "OdinSerializer.csproj", "{4E4DA0A8-F293-7282-F2A8-CC4E9AF71BE7}"
EndProject
Project("{FAE04EC0-301F-11D3-BF4B-00C04F79EFBC}") = "CoreGame", "CoreGame.csproj", "{948A25C1-0736-7139-A2ED-866DC90C0DB2}"
EndProject
Project("{FAE04EC0-301F-11D3-BF4B-00C04F79EFBC}") = "SelectionWheel", "SelectionWheel.csproj", "{4E3711AE-A0AA-604D-8C9C-B3BF9D2FF27C}"
EndProject
Project("{FAE04EC0-301F-11D3-BF4B-00C04F79EFBC}") = "PlayerObject", "PlayerObject.csproj", "{D724B571-7DAE-8593-0240-BB4D3341B93B}"
EndProject
Project("{FAE04EC0-301F-11D3-BF4B-00C04F79EFBC}") = "TrainingLevel", "TrainingLevel.csproj", "{D8D28AC0-0514-A580-37DA-8CD37F449C30}"
EndProject
Project("{FAE04EC0-301F-11D3-BF4B-00C04F79EFBC}") = "InteractiveObjects", "InteractiveObjects.csproj", "{741991FE-D211-F6D8-2B2A-0EB0F573E16F}"
EndProject
Project("{FAE04EC0-301F-11D3-BF4B-00C04F79EFBC}") = "Input", "Input.csproj", "{73912B02-42F4-0831-0126-BFB1D89A0C3F}"
EndProject
Project("{FAE04EC0-301F-11D3-BF4B-00C04F79EFBC}") = "SelectableObjects_Interfaces", "SelectableObjects_Interfaces.csproj", "{1A25ED86-E332-816C-7EE6-8D768A3D8986}"
EndProject
Project("{FAE04EC0-301F-11D3-BF4B-00C04F79EFBC}") = "Targetting_Tests", "Targetting_Tests.csproj", "{A9BD8531-3C62-2A79-4B21-3617415121D5}"
EndProject
Project("{FAE04EC0-301F-11D3-BF4B-00C04F79EFBC}") = "VisualFeedback", "VisualFeedback.csproj", "{7CB22E21-2248-2D5F-191C-57E9A683E3D8}"
EndProject
Project("{FAE04EC0-301F-11D3-BF4B-00C04F79EFBC}") = "Obstacle_Tests", "Obstacle_Tests.csproj", "{36CA6B73-7108-D4D8-FA27-935645FCE1F4}"
EndProject
Project("{FAE04EC0-301F-11D3-BF4B-00C04F79EFBC}") = "SoliderBehavior", "SoliderBehavior.csproj", "{CCE8FB12-317B-A034-92B0-DED327F99BF4}"
EndProject
Project("{FAE04EC0-301F-11D3-BF4B-00C04F79EFBC}") = "Tests", "Tests.csproj", "{2E0DF170-5586-5B9F-1D17-9336702E6605}"
EndProject
Project("{FAE04EC0-301F-11D3-BF4B-00C04F79EFBC}") = "Health", "Health.csproj", "{75786E6C-34C8-0B2C-40F8-743BA59E9518}"
EndProject
Project("{FAE04EC0-301F-11D3-BF4B-00C04F79EFBC}") = "SoldierBehavior_Test", "SoldierBehavior_Test.csproj", "{57AAD0A0-133F-053B-C254-BDAB91AFBB46}"
EndProject
Project("{FAE04EC0-301F-11D3-BF4B-00C04F79EFBC}") = "SoldierAnimation", "SoldierAnimation.csproj", "{28618AAC-574B-FC30-4CD9-D34B9D498D33}"
EndProject
Project("{FAE04EC0-301F-11D3-BF4B-00C04F79EFBC}") = "Persistence", "Persistence.csproj", "{A4906D6E-AF6D-3124-2AC7-89DF2A42A701}"
EndProject
Project("{FAE04EC0-301F-11D3-BF4B-00C04F79EFBC}") = "GameLoop", "GameLoop.csproj", "{639B2A1B-495A-2DE9-D504-C31C8A831882}"
EndProject
Project("{FAE04EC0-301F-11D3-BF4B-00C04F79EFBC}") = "AIObjects", "AIObjects.csproj", "{4B5DEF64-4FDA-7B80-40DB-F36B792B3884}"
EndProject
Project("{FAE04EC0-301F-11D3-BF4B-00C04F79EFBC}") = "Timelines", "Timelines.csproj", "{86D2DBA8-BC22-7FE3-44CC-06B764F94632}"
EndProject
Project("{FAE04EC0-301F-11D3-BF4B-00C04F79EFBC}") = "SequencedAction_Editor_Common", "SequencedAction_Editor_Common.csproj", "{0D0A264B-1D3D-7B14-5E92-5228B7ECB71D}"
EndProject
Project("{FAE04EC0-301F-11D3-BF4B-00C04F79EFBC}") = "Firing", "Firing.csproj", "{526A522A-DE6D-2D66-9543-C9F55C02111B}"
EndProject
Project("{FAE04EC0-301F-11D3-BF4B-00C04F79EFBC}") = "Obstacle", "Obstacle.csproj", "{A56A5795-1CB9-EF28-85DE-67DC873B52CC}"
EndProject
Project("{FAE04EC0-301F-11D3-BF4B-00C04F79EFBC}") = "Tutorial", "Tutorial.csproj", "{5E7C0353-8FB9-B0AD-BB52-3277A43DE61F}"
EndProject
Project("{FAE04EC0-301F-11D3-BF4B-00C04F79EFBC}") = "AnimatorPlayable_Tests", "AnimatorPlayable_Tests.csproj", "{9A46CD92-950C-A992-C0DD-FA468BD2C637}"
EndProject
Project("{FAE04EC0-301F-11D3-BF4B-00C04F79EFBC}") = "TextMesh", "TextMesh.csproj", "{A8C85C7F-A9C4-1162-A549-6BC528F2F0F2}"
EndProject
Project("{FAE04EC0-301F-11D3-BF4B-00C04F79EFBC}") = "GeometryIntersection", "GeometryIntersection.csproj", "{BE05B82E-10FB-F65D-6508-EB983BDCC994}"
EndProject
Project("{FAE04EC0-301F-11D3-BF4B-00C04F79EFBC}") = "CameraManagement", "CameraManagement.csproj", "{75B47827-9468-98A0-CC43-F62747983306}"
EndProject
Project("{FAE04EC0-301F-11D3-BF4B-00C04F79EFBC}") = "TextWindows", "TextWindows.csproj", "{8901F831-8A6B-9EEE-090D-8079003B1DD4}"
EndProject
Project("{FAE04EC0-301F-11D3-BF4B-00C04F79EFBC}") = "SequencedAction", "SequencedAction.csproj", "{DEA32955-3A4C-91B9-1014-A38CB08C83D6}"
EndProject
Project("{FAE04EC0-301F-11D3-BF4B-00C04F79EFBC}") = "PlayerObject_Interface", "PlayerObject_Interface.csproj", "{42804222-6A23-CC02-C65B-A45131BAA9EB}"
EndProject
Project("{FAE04EC0-301F-11D3-BF4B-00C04F79EFBC}") = "PlayerActions", "PlayerActions.csproj", "{63AE0CB7-735A-D4CD-7DAE-B8ABD6F2883E}"
EndProject
Project("{FAE04EC0-301F-11D3-BF4B-00C04F79EFBC}") = "InteractiveObjects_Animation_Tests", "InteractiveObjects_Animation_Tests.csproj", "{042B6C35-7479-099C-7FC6-98F9FB942F5B}"
EndProject
Project("{FAE04EC0-301F-11D3-BF4B-00C04F79EFBC}") = "Targetting", "Targetting.csproj", "{125454DF-138B-94CE-9966-52632EB4DE10}"
EndProject
Project("{FAE04EC0-301F-11D3-BF4B-00C04F79EFBC}") = "PlayerActions_Interfaces", "PlayerActions_Interfaces.csproj", "{250DC794-4661-E9F3-0FB2-D25AF31B44EB}"
EndProject
Project("{FAE04EC0-301F-11D3-BF4B-00C04F79EFBC}") = "TimeManagement", "TimeManagement.csproj", "{2953275D-74C6-F7B6-C30A-70EA88C3E8F8}"
EndProject
Project("{FAE04EC0-301F-11D3-BF4B-00C04F79EFBC}") = "LevelManagement_Interfaces", "LevelManagement_Interfaces.csproj", "{A57781E4-D853-FCD5-B604-158EA14A06F7}"
EndProject
Project("{FAE04EC0-301F-11D3-BF4B-00C04F79EFBC}") = "Editor", "Editor.csproj", "{2DD87826-BED4-3147-BE7B-C30240F79B63}"
EndProject
Project("{FAE04EC0-301F-11D3-BF4B-00C04F79EFBC}") = "Timelines_Editor", "Timelines_Editor.csproj", "{B7BD2216-F0C9-03D9-EF37-5B367A553DB9}"
EndProject
Project("{FAE04EC0-301F-11D3-BF4B-00C04F79EFBC}") = "SequencedAction_Editor", "SequencedAction_Editor.csproj", "{C92031C8-8EB9-945A-7B11-502A70CB1BF2}"
EndProject
Global
	GlobalSection(SolutionConfigurationPlatforms) = preSolution
		Debug|Any CPU = Debug|Any CPU
		Release|Any CPU = Release|Any CPU
	EndGlobalSection
	GlobalSection(ProjectConfigurationPlatforms) = postSolution
		{F9A056B6-F4BF-D32F-5783-F99516EBF2DD}.Debug|Any CPU.ActiveCfg = Debug|Any CPU
		{F9A056B6-F4BF-D32F-5783-F99516EBF2DD}.Debug|Any CPU.Build.0 = Debug|Any CPU
		{F9A056B6-F4BF-D32F-5783-F99516EBF2DD}.Release|Any CPU.ActiveCfg = Release|Any CPU
		{F9A056B6-F4BF-D32F-5783-F99516EBF2DD}.Release|Any CPU.Build.0 = Release|Any CPU
		{B0B86AC7-E423-566C-6E55-58B5FDE37DF9}.Debug|Any CPU.ActiveCfg = Debug|Any CPU
		{B0B86AC7-E423-566C-6E55-58B5FDE37DF9}.Debug|Any CPU.Build.0 = Debug|Any CPU
		{B0B86AC7-E423-566C-6E55-58B5FDE37DF9}.Release|Any CPU.ActiveCfg = Release|Any CPU
		{B0B86AC7-E423-566C-6E55-58B5FDE37DF9}.Release|Any CPU.Build.0 = Release|Any CPU
		{00DCCEBF-15A4-1F84-23B7-1B0D3901D4D1}.Debug|Any CPU.ActiveCfg = Debug|Any CPU
		{00DCCEBF-15A4-1F84-23B7-1B0D3901D4D1}.Debug|Any CPU.Build.0 = Debug|Any CPU
		{00DCCEBF-15A4-1F84-23B7-1B0D3901D4D1}.Release|Any CPU.ActiveCfg = Release|Any CPU
		{00DCCEBF-15A4-1F84-23B7-1B0D3901D4D1}.Release|Any CPU.Build.0 = Release|Any CPU
		{DE2B0528-6689-E76B-8664-E408396671C1}.Debug|Any CPU.ActiveCfg = Debug|Any CPU
		{DE2B0528-6689-E76B-8664-E408396671C1}.Debug|Any CPU.Build.0 = Debug|Any CPU
		{DE2B0528-6689-E76B-8664-E408396671C1}.Release|Any CPU.ActiveCfg = Release|Any CPU
		{DE2B0528-6689-E76B-8664-E408396671C1}.Release|Any CPU.Build.0 = Release|Any CPU
		{D2645906-D846-DC24-BADC-9B49DE344A34}.Debug|Any CPU.ActiveCfg = Debug|Any CPU
		{D2645906-D846-DC24-BADC-9B49DE344A34}.Debug|Any CPU.Build.0 = Debug|Any CPU
		{D2645906-D846-DC24-BADC-9B49DE344A34}.Release|Any CPU.ActiveCfg = Release|Any CPU
		{D2645906-D846-DC24-BADC-9B49DE344A34}.Release|Any CPU.Build.0 = Release|Any CPU
		{C8439A5B-3C4B-7B38-580C-E5D09B5E18BB}.Debug|Any CPU.ActiveCfg = Debug|Any CPU
		{C8439A5B-3C4B-7B38-580C-E5D09B5E18BB}.Debug|Any CPU.Build.0 = Debug|Any CPU
		{C8439A5B-3C4B-7B38-580C-E5D09B5E18BB}.Release|Any CPU.ActiveCfg = Release|Any CPU
		{C8439A5B-3C4B-7B38-580C-E5D09B5E18BB}.Release|Any CPU.Build.0 = Release|Any CPU
		{3ED6129A-F77C-7D87-CFDC-573822D6A1E2}.Debug|Any CPU.ActiveCfg = Debug|Any CPU
		{3ED6129A-F77C-7D87-CFDC-573822D6A1E2}.Debug|Any CPU.Build.0 = Debug|Any CPU
		{3ED6129A-F77C-7D87-CFDC-573822D6A1E2}.Release|Any CPU.ActiveCfg = Release|Any CPU
		{3ED6129A-F77C-7D87-CFDC-573822D6A1E2}.Release|Any CPU.Build.0 = Release|Any CPU
		{AE57611A-DD84-95F8-F8D2-666EC87D1249}.Debug|Any CPU.ActiveCfg = Debug|Any CPU
		{AE57611A-DD84-95F8-F8D2-666EC87D1249}.Debug|Any CPU.Build.0 = Debug|Any CPU
		{AE57611A-DD84-95F8-F8D2-666EC87D1249}.Release|Any CPU.ActiveCfg = Release|Any CPU
		{AE57611A-DD84-95F8-F8D2-666EC87D1249}.Release|Any CPU.Build.0 = Release|Any CPU
		{0E88EFEB-BC03-DBFA-6206-66F073959B55}.Debug|Any CPU.ActiveCfg = Debug|Any CPU
		{0E88EFEB-BC03-DBFA-6206-66F073959B55}.Debug|Any CPU.Build.0 = Debug|Any CPU
		{0E88EFEB-BC03-DBFA-6206-66F073959B55}.Release|Any CPU.ActiveCfg = Release|Any CPU
		{0E88EFEB-BC03-DBFA-6206-66F073959B55}.Release|Any CPU.Build.0 = Release|Any CPU
		{DD9001CA-9B59-601F-309B-0FEB0284AAD1}.Debug|Any CPU.ActiveCfg = Debug|Any CPU
		{DD9001CA-9B59-601F-309B-0FEB0284AAD1}.Debug|Any CPU.Build.0 = Debug|Any CPU
		{DD9001CA-9B59-601F-309B-0FEB0284AAD1}.Release|Any CPU.ActiveCfg = Release|Any CPU
		{DD9001CA-9B59-601F-309B-0FEB0284AAD1}.Release|Any CPU.Build.0 = Release|Any CPU
		{4E4DA0A8-F293-7282-F2A8-CC4E9AF71BE7}.Debug|Any CPU.ActiveCfg = Debug|Any CPU
		{4E4DA0A8-F293-7282-F2A8-CC4E9AF71BE7}.Debug|Any CPU.Build.0 = Debug|Any CPU
		{4E4DA0A8-F293-7282-F2A8-CC4E9AF71BE7}.Release|Any CPU.ActiveCfg = Release|Any CPU
		{4E4DA0A8-F293-7282-F2A8-CC4E9AF71BE7}.Release|Any CPU.Build.0 = Release|Any CPU
		{948A25C1-0736-7139-A2ED-866DC90C0DB2}.Debug|Any CPU.ActiveCfg = Debug|Any CPU
		{948A25C1-0736-7139-A2ED-866DC90C0DB2}.Debug|Any CPU.Build.0 = Debug|Any CPU
		{948A25C1-0736-7139-A2ED-866DC90C0DB2}.Release|Any CPU.ActiveCfg = Release|Any CPU
		{948A25C1-0736-7139-A2ED-866DC90C0DB2}.Release|Any CPU.Build.0 = Release|Any CPU
		{4E3711AE-A0AA-604D-8C9C-B3BF9D2FF27C}.Debug|Any CPU.ActiveCfg = Debug|Any CPU
		{4E3711AE-A0AA-604D-8C9C-B3BF9D2FF27C}.Debug|Any CPU.Build.0 = Debug|Any CPU
		{4E3711AE-A0AA-604D-8C9C-B3BF9D2FF27C}.Release|Any CPU.ActiveCfg = Release|Any CPU
		{4E3711AE-A0AA-604D-8C9C-B3BF9D2FF27C}.Release|Any CPU.Build.0 = Release|Any CPU
		{D724B571-7DAE-8593-0240-BB4D3341B93B}.Debug|Any CPU.ActiveCfg = Debug|Any CPU
		{D724B571-7DAE-8593-0240-BB4D3341B93B}.Debug|Any CPU.Build.0 = Debug|Any CPU
		{D724B571-7DAE-8593-0240-BB4D3341B93B}.Release|Any CPU.ActiveCfg = Release|Any CPU
		{D724B571-7DAE-8593-0240-BB4D3341B93B}.Release|Any CPU.Build.0 = Release|Any CPU
		{D8D28AC0-0514-A580-37DA-8CD37F449C30}.Debug|Any CPU.ActiveCfg = Debug|Any CPU
		{D8D28AC0-0514-A580-37DA-8CD37F449C30}.Debug|Any CPU.Build.0 = Debug|Any CPU
		{D8D28AC0-0514-A580-37DA-8CD37F449C30}.Release|Any CPU.ActiveCfg = Release|Any CPU
		{D8D28AC0-0514-A580-37DA-8CD37F449C30}.Release|Any CPU.Build.0 = Release|Any CPU
		{741991FE-D211-F6D8-2B2A-0EB0F573E16F}.Debug|Any CPU.ActiveCfg = Debug|Any CPU
		{741991FE-D211-F6D8-2B2A-0EB0F573E16F}.Debug|Any CPU.Build.0 = Debug|Any CPU
		{741991FE-D211-F6D8-2B2A-0EB0F573E16F}.Release|Any CPU.ActiveCfg = Release|Any CPU
		{741991FE-D211-F6D8-2B2A-0EB0F573E16F}.Release|Any CPU.Build.0 = Release|Any CPU
		{73912B02-42F4-0831-0126-BFB1D89A0C3F}.Debug|Any CPU.ActiveCfg = Debug|Any CPU
		{73912B02-42F4-0831-0126-BFB1D89A0C3F}.Debug|Any CPU.Build.0 = Debug|Any CPU
		{73912B02-42F4-0831-0126-BFB1D89A0C3F}.Release|Any CPU.ActiveCfg = Release|Any CPU
		{73912B02-42F4-0831-0126-BFB1D89A0C3F}.Release|Any CPU.Build.0 = Release|Any CPU
		{1A25ED86-E332-816C-7EE6-8D768A3D8986}.Debug|Any CPU.ActiveCfg = Debug|Any CPU
		{1A25ED86-E332-816C-7EE6-8D768A3D8986}.Debug|Any CPU.Build.0 = Debug|Any CPU
		{1A25ED86-E332-816C-7EE6-8D768A3D8986}.Release|Any CPU.ActiveCfg = Release|Any CPU
		{1A25ED86-E332-816C-7EE6-8D768A3D8986}.Release|Any CPU.Build.0 = Release|Any CPU
		{A9BD8531-3C62-2A79-4B21-3617415121D5}.Debug|Any CPU.ActiveCfg = Debug|Any CPU
		{A9BD8531-3C62-2A79-4B21-3617415121D5}.Debug|Any CPU.Build.0 = Debug|Any CPU
		{A9BD8531-3C62-2A79-4B21-3617415121D5}.Release|Any CPU.ActiveCfg = Release|Any CPU
		{A9BD8531-3C62-2A79-4B21-3617415121D5}.Release|Any CPU.Build.0 = Release|Any CPU
		{7CB22E21-2248-2D5F-191C-57E9A683E3D8}.Debug|Any CPU.ActiveCfg = Debug|Any CPU
		{7CB22E21-2248-2D5F-191C-57E9A683E3D8}.Debug|Any CPU.Build.0 = Debug|Any CPU
		{7CB22E21-2248-2D5F-191C-57E9A683E3D8}.Release|Any CPU.ActiveCfg = Release|Any CPU
		{7CB22E21-2248-2D5F-191C-57E9A683E3D8}.Release|Any CPU.Build.0 = Release|Any CPU
		{36CA6B73-7108-D4D8-FA27-935645FCE1F4}.Debug|Any CPU.ActiveCfg = Debug|Any CPU
		{36CA6B73-7108-D4D8-FA27-935645FCE1F4}.Debug|Any CPU.Build.0 = Debug|Any CPU
		{36CA6B73-7108-D4D8-FA27-935645FCE1F4}.Release|Any CPU.ActiveCfg = Release|Any CPU
		{36CA6B73-7108-D4D8-FA27-935645FCE1F4}.Release|Any CPU.Build.0 = Release|Any CPU
		{CCE8FB12-317B-A034-92B0-DED327F99BF4}.Debug|Any CPU.ActiveCfg = Debug|Any CPU
		{CCE8FB12-317B-A034-92B0-DED327F99BF4}.Debug|Any CPU.Build.0 = Debug|Any CPU
		{CCE8FB12-317B-A034-92B0-DED327F99BF4}.Release|Any CPU.ActiveCfg = Release|Any CPU
		{CCE8FB12-317B-A034-92B0-DED327F99BF4}.Release|Any CPU.Build.0 = Release|Any CPU
		{2E0DF170-5586-5B9F-1D17-9336702E6605}.Debug|Any CPU.ActiveCfg = Debug|Any CPU
		{2E0DF170-5586-5B9F-1D17-9336702E6605}.Debug|Any CPU.Build.0 = Debug|Any CPU
		{2E0DF170-5586-5B9F-1D17-9336702E6605}.Release|Any CPU.ActiveCfg = Release|Any CPU
		{2E0DF170-5586-5B9F-1D17-9336702E6605}.Release|Any CPU.Build.0 = Release|Any CPU
		{75786E6C-34C8-0B2C-40F8-743BA59E9518}.Debug|Any CPU.ActiveCfg = Debug|Any CPU
		{75786E6C-34C8-0B2C-40F8-743BA59E9518}.Debug|Any CPU.Build.0 = Debug|Any CPU
		{75786E6C-34C8-0B2C-40F8-743BA59E9518}.Release|Any CPU.ActiveCfg = Release|Any CPU
		{75786E6C-34C8-0B2C-40F8-743BA59E9518}.Release|Any CPU.Build.0 = Release|Any CPU
		{57AAD0A0-133F-053B-C254-BDAB91AFBB46}.Debug|Any CPU.ActiveCfg = Debug|Any CPU
		{57AAD0A0-133F-053B-C254-BDAB91AFBB46}.Debug|Any CPU.Build.0 = Debug|Any CPU
		{57AAD0A0-133F-053B-C254-BDAB91AFBB46}.Release|Any CPU.ActiveCfg = Release|Any CPU
		{57AAD0A0-133F-053B-C254-BDAB91AFBB46}.Release|Any CPU.Build.0 = Release|Any CPU
		{28618AAC-574B-FC30-4CD9-D34B9D498D33}.Debug|Any CPU.ActiveCfg = Debug|Any CPU
		{28618AAC-574B-FC30-4CD9-D34B9D498D33}.Debug|Any CPU.Build.0 = Debug|Any CPU
		{28618AAC-574B-FC30-4CD9-D34B9D498D33}.Release|Any CPU.ActiveCfg = Release|Any CPU
		{28618AAC-574B-FC30-4CD9-D34B9D498D33}.Release|Any CPU.Build.0 = Release|Any CPU
		{A4906D6E-AF6D-3124-2AC7-89DF2A42A701}.Debug|Any CPU.ActiveCfg = Debug|Any CPU
		{A4906D6E-AF6D-3124-2AC7-89DF2A42A701}.Debug|Any CPU.Build.0 = Debug|Any CPU
		{A4906D6E-AF6D-3124-2AC7-89DF2A42A701}.Release|Any CPU.ActiveCfg = Release|Any CPU
		{A4906D6E-AF6D-3124-2AC7-89DF2A42A701}.Release|Any CPU.Build.0 = Release|Any CPU
		{639B2A1B-495A-2DE9-D504-C31C8A831882}.Debug|Any CPU.ActiveCfg = Debug|Any CPU
		{639B2A1B-495A-2DE9-D504-C31C8A831882}.Debug|Any CPU.Build.0 = Debug|Any CPU
		{639B2A1B-495A-2DE9-D504-C31C8A831882}.Release|Any CPU.ActiveCfg = Release|Any CPU
		{639B2A1B-495A-2DE9-D504-C31C8A831882}.Release|Any CPU.Build.0 = Release|Any CPU
		{4B5DEF64-4FDA-7B80-40DB-F36B792B3884}.Debug|Any CPU.ActiveCfg = Debug|Any CPU
		{4B5DEF64-4FDA-7B80-40DB-F36B792B3884}.Debug|Any CPU.Build.0 = Debug|Any CPU
		{4B5DEF64-4FDA-7B80-40DB-F36B792B3884}.Release|Any CPU.ActiveCfg = Release|Any CPU
		{4B5DEF64-4FDA-7B80-40DB-F36B792B3884}.Release|Any CPU.Build.0 = Release|Any CPU
		{86D2DBA8-BC22-7FE3-44CC-06B764F94632}.Debug|Any CPU.ActiveCfg = Debug|Any CPU
		{86D2DBA8-BC22-7FE3-44CC-06B764F94632}.Debug|Any CPU.Build.0 = Debug|Any CPU
		{86D2DBA8-BC22-7FE3-44CC-06B764F94632}.Release|Any CPU.ActiveCfg = Release|Any CPU
		{86D2DBA8-BC22-7FE3-44CC-06B764F94632}.Release|Any CPU.Build.0 = Release|Any CPU
		{0D0A264B-1D3D-7B14-5E92-5228B7ECB71D}.Debug|Any CPU.ActiveCfg = Debug|Any CPU
		{0D0A264B-1D3D-7B14-5E92-5228B7ECB71D}.Debug|Any CPU.Build.0 = Debug|Any CPU
		{0D0A264B-1D3D-7B14-5E92-5228B7ECB71D}.Release|Any CPU.ActiveCfg = Release|Any CPU
		{0D0A264B-1D3D-7B14-5E92-5228B7ECB71D}.Release|Any CPU.Build.0 = Release|Any CPU
		{526A522A-DE6D-2D66-9543-C9F55C02111B}.Debug|Any CPU.ActiveCfg = Debug|Any CPU
		{526A522A-DE6D-2D66-9543-C9F55C02111B}.Debug|Any CPU.Build.0 = Debug|Any CPU
		{526A522A-DE6D-2D66-9543-C9F55C02111B}.Release|Any CPU.ActiveCfg = Release|Any CPU
		{526A522A-DE6D-2D66-9543-C9F55C02111B}.Release|Any CPU.Build.0 = Release|Any CPU
		{A56A5795-1CB9-EF28-85DE-67DC873B52CC}.Debug|Any CPU.ActiveCfg = Debug|Any CPU
		{A56A5795-1CB9-EF28-85DE-67DC873B52CC}.Debug|Any CPU.Build.0 = Debug|Any CPU
		{A56A5795-1CB9-EF28-85DE-67DC873B52CC}.Release|Any CPU.ActiveCfg = Release|Any CPU
		{A56A5795-1CB9-EF28-85DE-67DC873B52CC}.Release|Any CPU.Build.0 = Release|Any CPU
		{5E7C0353-8FB9-B0AD-BB52-3277A43DE61F}.Debug|Any CPU.ActiveCfg = Debug|Any CPU
		{5E7C0353-8FB9-B0AD-BB52-3277A43DE61F}.Debug|Any CPU.Build.0 = Debug|Any CPU
		{5E7C0353-8FB9-B0AD-BB52-3277A43DE61F}.Release|Any CPU.ActiveCfg = Release|Any CPU
		{5E7C0353-8FB9-B0AD-BB52-3277A43DE61F}.Release|Any CPU.Build.0 = Release|Any CPU
		{9A46CD92-950C-A992-C0DD-FA468BD2C637}.Debug|Any CPU.ActiveCfg = Debug|Any CPU
		{9A46CD92-950C-A992-C0DD-FA468BD2C637}.Debug|Any CPU.Build.0 = Debug|Any CPU
		{9A46CD92-950C-A992-C0DD-FA468BD2C637}.Release|Any CPU.ActiveCfg = Release|Any CPU
		{9A46CD92-950C-A992-C0DD-FA468BD2C637}.Release|Any CPU.Build.0 = Release|Any CPU
		{A8C85C7F-A9C4-1162-A549-6BC528F2F0F2}.Debug|Any CPU.ActiveCfg = Debug|Any CPU
		{A8C85C7F-A9C4-1162-A549-6BC528F2F0F2}.Debug|Any CPU.Build.0 = Debug|Any CPU
		{A8C85C7F-A9C4-1162-A549-6BC528F2F0F2}.Release|Any CPU.ActiveCfg = Release|Any CPU
		{A8C85C7F-A9C4-1162-A549-6BC528F2F0F2}.Release|Any CPU.Build.0 = Release|Any CPU
		{BE05B82E-10FB-F65D-6508-EB983BDCC994}.Debug|Any CPU.ActiveCfg = Debug|Any CPU
		{BE05B82E-10FB-F65D-6508-EB983BDCC994}.Debug|Any CPU.Build.0 = Debug|Any CPU
		{BE05B82E-10FB-F65D-6508-EB983BDCC994}.Release|Any CPU.ActiveCfg = Release|Any CPU
		{BE05B82E-10FB-F65D-6508-EB983BDCC994}.Release|Any CPU.Build.0 = Release|Any CPU
		{75B47827-9468-98A0-CC43-F62747983306}.Debug|Any CPU.ActiveCfg = Debug|Any CPU
		{75B47827-9468-98A0-CC43-F62747983306}.Debug|Any CPU.Build.0 = Debug|Any CPU
		{75B47827-9468-98A0-CC43-F62747983306}.Release|Any CPU.ActiveCfg = Release|Any CPU
		{75B47827-9468-98A0-CC43-F62747983306}.Release|Any CPU.Build.0 = Release|Any CPU
		{8901F831-8A6B-9EEE-090D-8079003B1DD4}.Debug|Any CPU.ActiveCfg = Debug|Any CPU
		{8901F831-8A6B-9EEE-090D-8079003B1DD4}.Debug|Any CPU.Build.0 = Debug|Any CPU
		{8901F831-8A6B-9EEE-090D-8079003B1DD4}.Release|Any CPU.ActiveCfg = Release|Any CPU
		{8901F831-8A6B-9EEE-090D-8079003B1DD4}.Release|Any CPU.Build.0 = Release|Any CPU
		{DEA32955-3A4C-91B9-1014-A38CB08C83D6}.Debug|Any CPU.ActiveCfg = Debug|Any CPU
		{DEA32955-3A4C-91B9-1014-A38CB08C83D6}.Debug|Any CPU.Build.0 = Debug|Any CPU
		{DEA32955-3A4C-91B9-1014-A38CB08C83D6}.Release|Any CPU.ActiveCfg = Release|Any CPU
		{DEA32955-3A4C-91B9-1014-A38CB08C83D6}.Release|Any CPU.Build.0 = Release|Any CPU
		{42804222-6A23-CC02-C65B-A45131BAA9EB}.Debug|Any CPU.ActiveCfg = Debug|Any CPU
		{42804222-6A23-CC02-C65B-A45131BAA9EB}.Debug|Any CPU.Build.0 = Debug|Any CPU
		{42804222-6A23-CC02-C65B-A45131BAA9EB}.Release|Any CPU.ActiveCfg = Release|Any CPU
		{42804222-6A23-CC02-C65B-A45131BAA9EB}.Release|Any CPU.Build.0 = Release|Any CPU
		{63AE0CB7-735A-D4CD-7DAE-B8ABD6F2883E}.Debug|Any CPU.ActiveCfg = Debug|Any CPU
		{63AE0CB7-735A-D4CD-7DAE-B8ABD6F2883E}.Debug|Any CPU.Build.0 = Debug|Any CPU
		{63AE0CB7-735A-D4CD-7DAE-B8ABD6F2883E}.Release|Any CPU.ActiveCfg = Release|Any CPU
		{63AE0CB7-735A-D4CD-7DAE-B8ABD6F2883E}.Release|Any CPU.Build.0 = Release|Any CPU
		{042B6C35-7479-099C-7FC6-98F9FB942F5B}.Debug|Any CPU.ActiveCfg = Debug|Any CPU
		{042B6C35-7479-099C-7FC6-98F9FB942F5B}.Debug|Any CPU.Build.0 = Debug|Any CPU
		{042B6C35-7479-099C-7FC6-98F9FB942F5B}.Release|Any CPU.ActiveCfg = Release|Any CPU
		{042B6C35-7479-099C-7FC6-98F9FB942F5B}.Release|Any CPU.Build.0 = Release|Any CPU
		{125454DF-138B-94CE-9966-52632EB4DE10}.Debug|Any CPU.ActiveCfg = Debug|Any CPU
		{125454DF-138B-94CE-9966-52632EB4DE10}.Debug|Any CPU.Build.0 = Debug|Any CPU
		{125454DF-138B-94CE-9966-52632EB4DE10}.Release|Any CPU.ActiveCfg = Release|Any CPU
		{125454DF-138B-94CE-9966-52632EB4DE10}.Release|Any CPU.Build.0 = Release|Any CPU
		{250DC794-4661-E9F3-0FB2-D25AF31B44EB}.Debug|Any CPU.ActiveCfg = Debug|Any CPU
		{250DC794-4661-E9F3-0FB2-D25AF31B44EB}.Debug|Any CPU.Build.0 = Debug|Any CPU
		{250DC794-4661-E9F3-0FB2-D25AF31B44EB}.Release|Any CPU.ActiveCfg = Release|Any CPU
		{250DC794-4661-E9F3-0FB2-D25AF31B44EB}.Release|Any CPU.Build.0 = Release|Any CPU
		{2953275D-74C6-F7B6-C30A-70EA88C3E8F8}.Debug|Any CPU.ActiveCfg = Debug|Any CPU
		{2953275D-74C6-F7B6-C30A-70EA88C3E8F8}.Debug|Any CPU.Build.0 = Debug|Any CPU
		{2953275D-74C6-F7B6-C30A-70EA88C3E8F8}.Release|Any CPU.ActiveCfg = Release|Any CPU
		{2953275D-74C6-F7B6-C30A-70EA88C3E8F8}.Release|Any CPU.Build.0 = Release|Any CPU
		{A57781E4-D853-FCD5-B604-158EA14A06F7}.Debug|Any CPU.ActiveCfg = Debug|Any CPU
		{A57781E4-D853-FCD5-B604-158EA14A06F7}.Debug|Any CPU.Build.0 = Debug|Any CPU
		{A57781E4-D853-FCD5-B604-158EA14A06F7}.Release|Any CPU.ActiveCfg = Release|Any CPU
		{A57781E4-D853-FCD5-B604-158EA14A06F7}.Release|Any CPU.Build.0 = Release|Any CPU
		{2DD87826-BED4-3147-BE7B-C30240F79B63}.Debug|Any CPU.ActiveCfg = Debug|Any CPU
		{2DD87826-BED4-3147-BE7B-C30240F79B63}.Debug|Any CPU.Build.0 = Debug|Any CPU
		{2DD87826-BED4-3147-BE7B-C30240F79B63}.Release|Any CPU.ActiveCfg = Release|Any CPU
		{2DD87826-BED4-3147-BE7B-C30240F79B63}.Release|Any CPU.Build.0 = Release|Any CPU
		{B7BD2216-F0C9-03D9-EF37-5B367A553DB9}.Debug|Any CPU.ActiveCfg = Debug|Any CPU
		{B7BD2216-F0C9-03D9-EF37-5B367A553DB9}.Debug|Any CPU.Build.0 = Debug|Any CPU
		{B7BD2216-F0C9-03D9-EF37-5B367A553DB9}.Release|Any CPU.ActiveCfg = Release|Any CPU
		{B7BD2216-F0C9-03D9-EF37-5B367A553DB9}.Release|Any CPU.Build.0 = Release|Any CPU
		{C92031C8-8EB9-945A-7B11-502A70CB1BF2}.Debug|Any CPU.ActiveCfg = Debug|Any CPU
		{C92031C8-8EB9-945A-7B11-502A70CB1BF2}.Debug|Any CPU.Build.0 = Debug|Any CPU
		{C92031C8-8EB9-945A-7B11-502A70CB1BF2}.Release|Any CPU.ActiveCfg = Release|Any CPU
		{C92031C8-8EB9-945A-7B11-502A70CB1BF2}.Release|Any CPU.Build.0 = Release|Any CPU
	EndGlobalSection
	GlobalSection(SolutionProperties) = preSolution
		HideSolutionNode = FALSE
	EndGlobalSection
EndGlobal
