
Microsoft Visual Studio Solution File, Format Version 11.00
# Visual Studio 2010
Project("{FAE04EC0-301F-11D3-BF4B-00C04F79EFBC}") = "LevelManagement", "LevelManagement.csproj", "{69A6BD19-8056-97CD-377C-9C31231CFC6C}"
EndProject
Project("{FAE04EC0-301F-11D3-BF4B-00C04F79EFBC}") = "RangeObjects", "RangeObjects.csproj", "{6B2DC5DC-2966-5FB7-1EEE-D8FDCF8589BD}"
EndProject
Project("{FAE04EC0-301F-11D3-BF4B-00C04F79EFBC}") = "AnimatorPlayable", "AnimatorPlayable.csproj", "{37850B31-3454-AA61-18A5-125EEBE9610D}"
EndProject
Project("{FAE04EC0-301F-11D3-BF4B-00C04F79EFBC}") = "~StartMenu", "~StartMenu.csproj", "{3F3CFC54-C366-6961-2A03-E3FC8AEB99AB}"
EndProject
Project("{FAE04EC0-301F-11D3-BF4B-00C04F79EFBC}") = "Editor_Common", "Editor_Common.csproj", "{9F05861D-A30D-BD60-68C3-F863F147FACA}"
EndProject
Project("{FAE04EC0-301F-11D3-BF4B-00C04F79EFBC}") = "Damage", "Damage.csproj", "{C8E5E3A4-332C-993B-D996-1C378FBCDB4D}"
EndProject
Project("{FAE04EC0-301F-11D3-BF4B-00C04F79EFBC}") = "SelectionObjects", "SelectionObjects.csproj", "{56F1099E-3ADB-DC9F-A753-95F99FDE1472}"
EndProject
Project("{FAE04EC0-301F-11D3-BF4B-00C04F79EFBC}") = "InteractiveObjects_Interfaces", "InteractiveObjects_Interfaces.csproj", "{32FF3C5D-184F-DAC9-59CC-8BB9441FEF2A}"
EndProject
Project("{FAE04EC0-301F-11D3-BF4B-00C04F79EFBC}") = "InteractiveObject_Animation", "InteractiveObject_Animation.csproj", "{D0E603E2-72D1-CACC-2B54-0D287334F5E5}"
EndProject
Project("{FAE04EC0-301F-11D3-BF4B-00C04F79EFBC}") = "Weapon", "Weapon.csproj", "{B81BE516-EF6F-CD66-8504-0E3FF07C722C}"
EndProject
Project("{FAE04EC0-301F-11D3-BF4B-00C04F79EFBC}") = "OdinSerializer", "OdinSerializer.csproj", "{23BDDC0C-B4BD-4730-2494-4F3FD031F3AA}"
EndProject
Project("{FAE04EC0-301F-11D3-BF4B-00C04F79EFBC}") = "CoreGame", "CoreGame.csproj", "{A580E245-1026-BF95-7905-7D4E919E27F6}"
EndProject
Project("{FAE04EC0-301F-11D3-BF4B-00C04F79EFBC}") = "SelectionWheel", "SelectionWheel.csproj", "{D0455BEA-A22B-EC6B-0746-2A67B677001C}"
EndProject
Project("{FAE04EC0-301F-11D3-BF4B-00C04F79EFBC}") = "PlayerObject", "PlayerObject.csproj", "{4A1AF97E-C13C-AEF6-4A41-70A6A9F87357}"
EndProject
Project("{FAE04EC0-301F-11D3-BF4B-00C04F79EFBC}") = "ProjectileDeflection", "ProjectileDeflection.csproj", "{FBA1BF9F-ABFC-8354-A05A-9CD78C20D25C}"
EndProject
Project("{FAE04EC0-301F-11D3-BF4B-00C04F79EFBC}") = "TrainingLevel", "TrainingLevel.csproj", "{D4CF0486-5FD3-CB62-F590-DE9F0C209AEF}"
EndProject
Project("{FAE04EC0-301F-11D3-BF4B-00C04F79EFBC}") = "InteractiveObjects", "InteractiveObjects.csproj", "{84B67466-A694-5334-5B9C-0ABD21622B31}"
EndProject
Project("{FAE04EC0-301F-11D3-BF4B-00C04F79EFBC}") = "Input", "Input.csproj", "{E9586FA3-31EC-F553-839D-6472FEC15A78}"
EndProject
Project("{FAE04EC0-301F-11D3-BF4B-00C04F79EFBC}") = "SelectableObjects_Interfaces", "SelectableObjects_Interfaces.csproj", "{9D4F68BE-F7D1-1FFB-9838-97E91125FC1D}"
EndProject
Project("{FAE04EC0-301F-11D3-BF4B-00C04F79EFBC}") = "Health", "Health.csproj", "{1120D459-F00D-9D61-B928-77E83AE6B731}"
EndProject
Project("{FAE04EC0-301F-11D3-BF4B-00C04F79EFBC}") = "Targetting_Tests", "Targetting_Tests.csproj", "{B0A26EA7-AAD9-13B2-487E-C8EB83C405B2}"
EndProject
Project("{FAE04EC0-301F-11D3-BF4B-00C04F79EFBC}") = "VisualFeedback", "VisualFeedback.csproj", "{C165EDF6-5BA2-9048-B8F0-2838E3D57D19}"
EndProject
Project("{FAE04EC0-301F-11D3-BF4B-00C04F79EFBC}") = "Obstacle_Tests", "Obstacle_Tests.csproj", "{337AE4B6-A5C4-EC53-838F-339A02DE11B8}"
EndProject
Project("{FAE04EC0-301F-11D3-BF4B-00C04F79EFBC}") = "SoliderBehavior", "SoliderBehavior.csproj", "{7854010B-7136-40C3-23B2-6A2D83F888EA}"
EndProject
Project("{FAE04EC0-301F-11D3-BF4B-00C04F79EFBC}") = "Tests", "Tests.csproj", "{CC59B679-8993-C709-3D98-06EE2F965358}"
EndProject
Project("{FAE04EC0-301F-11D3-BF4B-00C04F79EFBC}") = "TimeManagement", "TimeManagement.csproj", "{2451A9B5-AAEF-3AE7-5873-F9A5616CEF47}"
EndProject
Project("{FAE04EC0-301F-11D3-BF4B-00C04F79EFBC}") = "InputDynamicTextMenu", "InputDynamicTextMenu.csproj", "{E151F532-72A3-81F9-640C-8C372720BA96}"
EndProject
Project("{FAE04EC0-301F-11D3-BF4B-00C04F79EFBC}") = "HealthGlobe", "HealthGlobe.csproj", "{E27EF40D-C561-A6A6-B92C-7E49D730CB3F}"
EndProject
Project("{FAE04EC0-301F-11D3-BF4B-00C04F79EFBC}") = "SoldierBehavior_Test", "SoldierBehavior_Test.csproj", "{64AC0A18-5061-95D9-ED0D-BEEAFC6A46C9}"
EndProject
Project("{FAE04EC0-301F-11D3-BF4B-00C04F79EFBC}") = "SoldierAnimation", "SoldierAnimation.csproj", "{E5028A06-DC12-C9D4-BA85-709C2A9676FE}"
EndProject
Project("{FAE04EC0-301F-11D3-BF4B-00C04F79EFBC}") = "Persistence", "Persistence.csproj", "{05125174-FA75-D840-9C98-364A15C13DAA}"
EndProject
Project("{FAE04EC0-301F-11D3-BF4B-00C04F79EFBC}") = "GameLoop", "GameLoop.csproj", "{581CC062-EFAD-047B-14A9-B1F614DD9CDE}"
EndProject
Project("{FAE04EC0-301F-11D3-BF4B-00C04F79EFBC}") = "GeometryIntersection", "GeometryIntersection.csproj", "{1C41B0EC-9EE4-2CF0-1FFA-C23CC0B573CE}"
EndProject
Project("{FAE04EC0-301F-11D3-BF4B-00C04F79EFBC}") = "AIObjects", "AIObjects.csproj", "{4C3E2FF5-E016-CD85-D5F1-28F754499689}"
EndProject
Project("{FAE04EC0-301F-11D3-BF4B-00C04F79EFBC}") = "Firing", "Firing.csproj", "{49D37C45-08B6-E13E-25B7-CF264207D493}"
EndProject
Project("{FAE04EC0-301F-11D3-BF4B-00C04F79EFBC}") = "Timelines", "Timelines.csproj", "{E6A4B069-5EC2-09ED-CB37-42D9149B4E31}"
EndProject
Project("{FAE04EC0-301F-11D3-BF4B-00C04F79EFBC}") = "SequencedAction_Editor_Common", "SequencedAction_Editor_Common.csproj", "{457F267A-1079-F699-ABAB-797956BB7D38}"
EndProject
Project("{FAE04EC0-301F-11D3-BF4B-00C04F79EFBC}") = "PlayerLowHealth", "PlayerLowHealth.csproj", "{CF4D92CE-727D-F764-271F-4C6A824102E8}"
EndProject
Project("{FAE04EC0-301F-11D3-BF4B-00C04F79EFBC}") = "Obstacle", "Obstacle.csproj", "{AF1708AA-DA84-942E-089B-BE31D0291B7B}"
EndProject
Project("{FAE04EC0-301F-11D3-BF4B-00C04F79EFBC}") = "Tutorial", "Tutorial.csproj", "{99AC4B27-79E6-C51C-E104-026AD692345E}"
EndProject
Project("{FAE04EC0-301F-11D3-BF4B-00C04F79EFBC}") = "AnimatorPlayable_Tests", "AnimatorPlayable_Tests.csproj", "{66043932-61CD-D85E-F598-4B165AF51AAE}"
EndProject
Project("{FAE04EC0-301F-11D3-BF4B-00C04F79EFBC}") = "TextMesh", "TextMesh.csproj", "{20DB9D93-3216-3D35-1EC4-61715CEFC6B7}"
EndProject
Project("{FAE04EC0-301F-11D3-BF4B-00C04F79EFBC}") = "CameraManagement", "CameraManagement.csproj", "{7E99B70D-57F7-0D6B-3D29-B5FCCEB20C49}"
EndProject
Project("{FAE04EC0-301F-11D3-BF4B-00C04F79EFBC}") = "TextWindows", "TextWindows.csproj", "{DCF02FB2-98FC-BE15-D930-175D2C3F4BC6}"
EndProject
Project("{FAE04EC0-301F-11D3-BF4B-00C04F79EFBC}") = "SequencedAction", "SequencedAction.csproj", "{CA8C3A50-CF75-8F21-2C47-5CDAF2F0C92F}"
EndProject
Project("{FAE04EC0-301F-11D3-BF4B-00C04F79EFBC}") = "PlayerObject_Interface", "PlayerObject_Interface.csproj", "{7578CDAD-77E5-B841-E190-E75BDDA65033}"
EndProject
Project("{FAE04EC0-301F-11D3-BF4B-00C04F79EFBC}") = "PlayerActions", "PlayerActions.csproj", "{23E18951-52D9-805B-06CD-2C3A05590E2D}"
EndProject
Project("{FAE04EC0-301F-11D3-BF4B-00C04F79EFBC}") = "InteractiveObjects_Animation_Tests", "InteractiveObjects_Animation_Tests.csproj", "{524C7C39-CAEF-5780-07AB-E0C50DAF4D09}"
EndProject
Project("{FAE04EC0-301F-11D3-BF4B-00C04F79EFBC}") = "Targetting", "Targetting.csproj", "{D821AE8B-5B34-3933-C79B-A2355D29C0BF}"
EndProject
Project("{FAE04EC0-301F-11D3-BF4B-00C04F79EFBC}") = "ProjectileDeflection_Test", "ProjectileDeflection_Test.csproj", "{32663694-84BE-9412-EA5B-465D19BE121E}"
EndProject
Project("{FAE04EC0-301F-11D3-BF4B-00C04F79EFBC}") = "CameraManagement_Test", "CameraManagement_Test.csproj", "{40201C1A-1272-1193-0EB1-B37349174E03}"
EndProject
Project("{FAE04EC0-301F-11D3-BF4B-00C04F79EFBC}") = "PlayerActions_Interfaces", "PlayerActions_Interfaces.csproj", "{9CEFD488-C77F-0B2C-56B9-9AD970A56FC8}"
EndProject
Project("{FAE04EC0-301F-11D3-BF4B-00C04F79EFBC}") = "ProjectileDeflection_Interface", "ProjectileDeflection_Interface.csproj", "{0DF0C192-6A11-E879-ADF9-537F34408904}"
EndProject
Project("{FAE04EC0-301F-11D3-BF4B-00C04F79EFBC}") = "LevelManagement_Interfaces", "LevelManagement_Interfaces.csproj", "{8DA28C2F-777B-F580-3353-E0009DE74AB0}"
EndProject
Project("{FAE04EC0-301F-11D3-BF4B-00C04F79EFBC}") = "PlayerLowHealth_Interfaces", "PlayerLowHealth_Interfaces.csproj", "{897115E3-4EFC-FFAB-2519-685B5FFEC02D}"
EndProject
Project("{FAE04EC0-301F-11D3-BF4B-00C04F79EFBC}") = "Editor", "Editor.csproj", "{C2B84BB1-A401-F2D5-62B7-55A3CE6A4316}"
EndProject
Project("{FAE04EC0-301F-11D3-BF4B-00C04F79EFBC}") = "Timelines_Editor", "Timelines_Editor.csproj", "{175A5BCB-AB0C-1015-20CB-165B53ADB036}"
EndProject
Project("{FAE04EC0-301F-11D3-BF4B-00C04F79EFBC}") = "SequencedAction_Editor", "SequencedAction_Editor.csproj", "{5A646BFF-BB9D-AE77-773F-66A2D59A5ED4}"
EndProject
Global
	GlobalSection(SolutionConfigurationPlatforms) = preSolution
		Debug|Any CPU = Debug|Any CPU
		Release|Any CPU = Release|Any CPU
	EndGlobalSection
	GlobalSection(ProjectConfigurationPlatforms) = postSolution
		{69A6BD19-8056-97CD-377C-9C31231CFC6C}.Debug|Any CPU.ActiveCfg = Debug|Any CPU
		{69A6BD19-8056-97CD-377C-9C31231CFC6C}.Debug|Any CPU.Build.0 = Debug|Any CPU
		{69A6BD19-8056-97CD-377C-9C31231CFC6C}.Release|Any CPU.ActiveCfg = Release|Any CPU
		{69A6BD19-8056-97CD-377C-9C31231CFC6C}.Release|Any CPU.Build.0 = Release|Any CPU
		{6B2DC5DC-2966-5FB7-1EEE-D8FDCF8589BD}.Debug|Any CPU.ActiveCfg = Debug|Any CPU
		{6B2DC5DC-2966-5FB7-1EEE-D8FDCF8589BD}.Debug|Any CPU.Build.0 = Debug|Any CPU
		{6B2DC5DC-2966-5FB7-1EEE-D8FDCF8589BD}.Release|Any CPU.ActiveCfg = Release|Any CPU
		{6B2DC5DC-2966-5FB7-1EEE-D8FDCF8589BD}.Release|Any CPU.Build.0 = Release|Any CPU
		{37850B31-3454-AA61-18A5-125EEBE9610D}.Debug|Any CPU.ActiveCfg = Debug|Any CPU
		{37850B31-3454-AA61-18A5-125EEBE9610D}.Debug|Any CPU.Build.0 = Debug|Any CPU
		{37850B31-3454-AA61-18A5-125EEBE9610D}.Release|Any CPU.ActiveCfg = Release|Any CPU
		{37850B31-3454-AA61-18A5-125EEBE9610D}.Release|Any CPU.Build.0 = Release|Any CPU
		{3F3CFC54-C366-6961-2A03-E3FC8AEB99AB}.Debug|Any CPU.ActiveCfg = Debug|Any CPU
		{3F3CFC54-C366-6961-2A03-E3FC8AEB99AB}.Debug|Any CPU.Build.0 = Debug|Any CPU
		{3F3CFC54-C366-6961-2A03-E3FC8AEB99AB}.Release|Any CPU.ActiveCfg = Release|Any CPU
		{3F3CFC54-C366-6961-2A03-E3FC8AEB99AB}.Release|Any CPU.Build.0 = Release|Any CPU
		{9F05861D-A30D-BD60-68C3-F863F147FACA}.Debug|Any CPU.ActiveCfg = Debug|Any CPU
		{9F05861D-A30D-BD60-68C3-F863F147FACA}.Debug|Any CPU.Build.0 = Debug|Any CPU
		{9F05861D-A30D-BD60-68C3-F863F147FACA}.Release|Any CPU.ActiveCfg = Release|Any CPU
		{9F05861D-A30D-BD60-68C3-F863F147FACA}.Release|Any CPU.Build.0 = Release|Any CPU
		{C8E5E3A4-332C-993B-D996-1C378FBCDB4D}.Debug|Any CPU.ActiveCfg = Debug|Any CPU
		{C8E5E3A4-332C-993B-D996-1C378FBCDB4D}.Debug|Any CPU.Build.0 = Debug|Any CPU
		{C8E5E3A4-332C-993B-D996-1C378FBCDB4D}.Release|Any CPU.ActiveCfg = Release|Any CPU
		{C8E5E3A4-332C-993B-D996-1C378FBCDB4D}.Release|Any CPU.Build.0 = Release|Any CPU
		{56F1099E-3ADB-DC9F-A753-95F99FDE1472}.Debug|Any CPU.ActiveCfg = Debug|Any CPU
		{56F1099E-3ADB-DC9F-A753-95F99FDE1472}.Debug|Any CPU.Build.0 = Debug|Any CPU
		{56F1099E-3ADB-DC9F-A753-95F99FDE1472}.Release|Any CPU.ActiveCfg = Release|Any CPU
		{56F1099E-3ADB-DC9F-A753-95F99FDE1472}.Release|Any CPU.Build.0 = Release|Any CPU
		{32FF3C5D-184F-DAC9-59CC-8BB9441FEF2A}.Debug|Any CPU.ActiveCfg = Debug|Any CPU
		{32FF3C5D-184F-DAC9-59CC-8BB9441FEF2A}.Debug|Any CPU.Build.0 = Debug|Any CPU
		{32FF3C5D-184F-DAC9-59CC-8BB9441FEF2A}.Release|Any CPU.ActiveCfg = Release|Any CPU
		{32FF3C5D-184F-DAC9-59CC-8BB9441FEF2A}.Release|Any CPU.Build.0 = Release|Any CPU
		{D0E603E2-72D1-CACC-2B54-0D287334F5E5}.Debug|Any CPU.ActiveCfg = Debug|Any CPU
		{D0E603E2-72D1-CACC-2B54-0D287334F5E5}.Debug|Any CPU.Build.0 = Debug|Any CPU
		{D0E603E2-72D1-CACC-2B54-0D287334F5E5}.Release|Any CPU.ActiveCfg = Release|Any CPU
		{D0E603E2-72D1-CACC-2B54-0D287334F5E5}.Release|Any CPU.Build.0 = Release|Any CPU
		{B81BE516-EF6F-CD66-8504-0E3FF07C722C}.Debug|Any CPU.ActiveCfg = Debug|Any CPU
		{B81BE516-EF6F-CD66-8504-0E3FF07C722C}.Debug|Any CPU.Build.0 = Debug|Any CPU
		{B81BE516-EF6F-CD66-8504-0E3FF07C722C}.Release|Any CPU.ActiveCfg = Release|Any CPU
		{B81BE516-EF6F-CD66-8504-0E3FF07C722C}.Release|Any CPU.Build.0 = Release|Any CPU
		{23BDDC0C-B4BD-4730-2494-4F3FD031F3AA}.Debug|Any CPU.ActiveCfg = Debug|Any CPU
		{23BDDC0C-B4BD-4730-2494-4F3FD031F3AA}.Debug|Any CPU.Build.0 = Debug|Any CPU
		{23BDDC0C-B4BD-4730-2494-4F3FD031F3AA}.Release|Any CPU.ActiveCfg = Release|Any CPU
		{23BDDC0C-B4BD-4730-2494-4F3FD031F3AA}.Release|Any CPU.Build.0 = Release|Any CPU
		{A580E245-1026-BF95-7905-7D4E919E27F6}.Debug|Any CPU.ActiveCfg = Debug|Any CPU
		{A580E245-1026-BF95-7905-7D4E919E27F6}.Debug|Any CPU.Build.0 = Debug|Any CPU
		{A580E245-1026-BF95-7905-7D4E919E27F6}.Release|Any CPU.ActiveCfg = Release|Any CPU
		{A580E245-1026-BF95-7905-7D4E919E27F6}.Release|Any CPU.Build.0 = Release|Any CPU
		{D0455BEA-A22B-EC6B-0746-2A67B677001C}.Debug|Any CPU.ActiveCfg = Debug|Any CPU
		{D0455BEA-A22B-EC6B-0746-2A67B677001C}.Debug|Any CPU.Build.0 = Debug|Any CPU
		{D0455BEA-A22B-EC6B-0746-2A67B677001C}.Release|Any CPU.ActiveCfg = Release|Any CPU
		{D0455BEA-A22B-EC6B-0746-2A67B677001C}.Release|Any CPU.Build.0 = Release|Any CPU
		{4A1AF97E-C13C-AEF6-4A41-70A6A9F87357}.Debug|Any CPU.ActiveCfg = Debug|Any CPU
		{4A1AF97E-C13C-AEF6-4A41-70A6A9F87357}.Debug|Any CPU.Build.0 = Debug|Any CPU
		{4A1AF97E-C13C-AEF6-4A41-70A6A9F87357}.Release|Any CPU.ActiveCfg = Release|Any CPU
		{4A1AF97E-C13C-AEF6-4A41-70A6A9F87357}.Release|Any CPU.Build.0 = Release|Any CPU
		{FBA1BF9F-ABFC-8354-A05A-9CD78C20D25C}.Debug|Any CPU.ActiveCfg = Debug|Any CPU
		{FBA1BF9F-ABFC-8354-A05A-9CD78C20D25C}.Debug|Any CPU.Build.0 = Debug|Any CPU
		{FBA1BF9F-ABFC-8354-A05A-9CD78C20D25C}.Release|Any CPU.ActiveCfg = Release|Any CPU
		{FBA1BF9F-ABFC-8354-A05A-9CD78C20D25C}.Release|Any CPU.Build.0 = Release|Any CPU
		{D4CF0486-5FD3-CB62-F590-DE9F0C209AEF}.Debug|Any CPU.ActiveCfg = Debug|Any CPU
		{D4CF0486-5FD3-CB62-F590-DE9F0C209AEF}.Debug|Any CPU.Build.0 = Debug|Any CPU
		{D4CF0486-5FD3-CB62-F590-DE9F0C209AEF}.Release|Any CPU.ActiveCfg = Release|Any CPU
		{D4CF0486-5FD3-CB62-F590-DE9F0C209AEF}.Release|Any CPU.Build.0 = Release|Any CPU
		{84B67466-A694-5334-5B9C-0ABD21622B31}.Debug|Any CPU.ActiveCfg = Debug|Any CPU
		{84B67466-A694-5334-5B9C-0ABD21622B31}.Debug|Any CPU.Build.0 = Debug|Any CPU
		{84B67466-A694-5334-5B9C-0ABD21622B31}.Release|Any CPU.ActiveCfg = Release|Any CPU
		{84B67466-A694-5334-5B9C-0ABD21622B31}.Release|Any CPU.Build.0 = Release|Any CPU
		{E9586FA3-31EC-F553-839D-6472FEC15A78}.Debug|Any CPU.ActiveCfg = Debug|Any CPU
		{E9586FA3-31EC-F553-839D-6472FEC15A78}.Debug|Any CPU.Build.0 = Debug|Any CPU
		{E9586FA3-31EC-F553-839D-6472FEC15A78}.Release|Any CPU.ActiveCfg = Release|Any CPU
		{E9586FA3-31EC-F553-839D-6472FEC15A78}.Release|Any CPU.Build.0 = Release|Any CPU
		{9D4F68BE-F7D1-1FFB-9838-97E91125FC1D}.Debug|Any CPU.ActiveCfg = Debug|Any CPU
		{9D4F68BE-F7D1-1FFB-9838-97E91125FC1D}.Debug|Any CPU.Build.0 = Debug|Any CPU
		{9D4F68BE-F7D1-1FFB-9838-97E91125FC1D}.Release|Any CPU.ActiveCfg = Release|Any CPU
		{9D4F68BE-F7D1-1FFB-9838-97E91125FC1D}.Release|Any CPU.Build.0 = Release|Any CPU
		{1120D459-F00D-9D61-B928-77E83AE6B731}.Debug|Any CPU.ActiveCfg = Debug|Any CPU
		{1120D459-F00D-9D61-B928-77E83AE6B731}.Debug|Any CPU.Build.0 = Debug|Any CPU
		{1120D459-F00D-9D61-B928-77E83AE6B731}.Release|Any CPU.ActiveCfg = Release|Any CPU
		{1120D459-F00D-9D61-B928-77E83AE6B731}.Release|Any CPU.Build.0 = Release|Any CPU
		{B0A26EA7-AAD9-13B2-487E-C8EB83C405B2}.Debug|Any CPU.ActiveCfg = Debug|Any CPU
		{B0A26EA7-AAD9-13B2-487E-C8EB83C405B2}.Debug|Any CPU.Build.0 = Debug|Any CPU
		{B0A26EA7-AAD9-13B2-487E-C8EB83C405B2}.Release|Any CPU.ActiveCfg = Release|Any CPU
		{B0A26EA7-AAD9-13B2-487E-C8EB83C405B2}.Release|Any CPU.Build.0 = Release|Any CPU
		{C165EDF6-5BA2-9048-B8F0-2838E3D57D19}.Debug|Any CPU.ActiveCfg = Debug|Any CPU
		{C165EDF6-5BA2-9048-B8F0-2838E3D57D19}.Debug|Any CPU.Build.0 = Debug|Any CPU
		{C165EDF6-5BA2-9048-B8F0-2838E3D57D19}.Release|Any CPU.ActiveCfg = Release|Any CPU
		{C165EDF6-5BA2-9048-B8F0-2838E3D57D19}.Release|Any CPU.Build.0 = Release|Any CPU
		{337AE4B6-A5C4-EC53-838F-339A02DE11B8}.Debug|Any CPU.ActiveCfg = Debug|Any CPU
		{337AE4B6-A5C4-EC53-838F-339A02DE11B8}.Debug|Any CPU.Build.0 = Debug|Any CPU
		{337AE4B6-A5C4-EC53-838F-339A02DE11B8}.Release|Any CPU.ActiveCfg = Release|Any CPU
		{337AE4B6-A5C4-EC53-838F-339A02DE11B8}.Release|Any CPU.Build.0 = Release|Any CPU
		{7854010B-7136-40C3-23B2-6A2D83F888EA}.Debug|Any CPU.ActiveCfg = Debug|Any CPU
		{7854010B-7136-40C3-23B2-6A2D83F888EA}.Debug|Any CPU.Build.0 = Debug|Any CPU
		{7854010B-7136-40C3-23B2-6A2D83F888EA}.Release|Any CPU.ActiveCfg = Release|Any CPU
		{7854010B-7136-40C3-23B2-6A2D83F888EA}.Release|Any CPU.Build.0 = Release|Any CPU
		{CC59B679-8993-C709-3D98-06EE2F965358}.Debug|Any CPU.ActiveCfg = Debug|Any CPU
		{CC59B679-8993-C709-3D98-06EE2F965358}.Debug|Any CPU.Build.0 = Debug|Any CPU
		{CC59B679-8993-C709-3D98-06EE2F965358}.Release|Any CPU.ActiveCfg = Release|Any CPU
		{CC59B679-8993-C709-3D98-06EE2F965358}.Release|Any CPU.Build.0 = Release|Any CPU
		{2451A9B5-AAEF-3AE7-5873-F9A5616CEF47}.Debug|Any CPU.ActiveCfg = Debug|Any CPU
		{2451A9B5-AAEF-3AE7-5873-F9A5616CEF47}.Debug|Any CPU.Build.0 = Debug|Any CPU
		{2451A9B5-AAEF-3AE7-5873-F9A5616CEF47}.Release|Any CPU.ActiveCfg = Release|Any CPU
		{2451A9B5-AAEF-3AE7-5873-F9A5616CEF47}.Release|Any CPU.Build.0 = Release|Any CPU
		{E151F532-72A3-81F9-640C-8C372720BA96}.Debug|Any CPU.ActiveCfg = Debug|Any CPU
		{E151F532-72A3-81F9-640C-8C372720BA96}.Debug|Any CPU.Build.0 = Debug|Any CPU
		{E151F532-72A3-81F9-640C-8C372720BA96}.Release|Any CPU.ActiveCfg = Release|Any CPU
		{E151F532-72A3-81F9-640C-8C372720BA96}.Release|Any CPU.Build.0 = Release|Any CPU
		{E27EF40D-C561-A6A6-B92C-7E49D730CB3F}.Debug|Any CPU.ActiveCfg = Debug|Any CPU
		{E27EF40D-C561-A6A6-B92C-7E49D730CB3F}.Debug|Any CPU.Build.0 = Debug|Any CPU
		{E27EF40D-C561-A6A6-B92C-7E49D730CB3F}.Release|Any CPU.ActiveCfg = Release|Any CPU
		{E27EF40D-C561-A6A6-B92C-7E49D730CB3F}.Release|Any CPU.Build.0 = Release|Any CPU
		{64AC0A18-5061-95D9-ED0D-BEEAFC6A46C9}.Debug|Any CPU.ActiveCfg = Debug|Any CPU
		{64AC0A18-5061-95D9-ED0D-BEEAFC6A46C9}.Debug|Any CPU.Build.0 = Debug|Any CPU
		{64AC0A18-5061-95D9-ED0D-BEEAFC6A46C9}.Release|Any CPU.ActiveCfg = Release|Any CPU
		{64AC0A18-5061-95D9-ED0D-BEEAFC6A46C9}.Release|Any CPU.Build.0 = Release|Any CPU
		{E5028A06-DC12-C9D4-BA85-709C2A9676FE}.Debug|Any CPU.ActiveCfg = Debug|Any CPU
		{E5028A06-DC12-C9D4-BA85-709C2A9676FE}.Debug|Any CPU.Build.0 = Debug|Any CPU
		{E5028A06-DC12-C9D4-BA85-709C2A9676FE}.Release|Any CPU.ActiveCfg = Release|Any CPU
		{E5028A06-DC12-C9D4-BA85-709C2A9676FE}.Release|Any CPU.Build.0 = Release|Any CPU
		{05125174-FA75-D840-9C98-364A15C13DAA}.Debug|Any CPU.ActiveCfg = Debug|Any CPU
		{05125174-FA75-D840-9C98-364A15C13DAA}.Debug|Any CPU.Build.0 = Debug|Any CPU
		{05125174-FA75-D840-9C98-364A15C13DAA}.Release|Any CPU.ActiveCfg = Release|Any CPU
		{05125174-FA75-D840-9C98-364A15C13DAA}.Release|Any CPU.Build.0 = Release|Any CPU
		{581CC062-EFAD-047B-14A9-B1F614DD9CDE}.Debug|Any CPU.ActiveCfg = Debug|Any CPU
		{581CC062-EFAD-047B-14A9-B1F614DD9CDE}.Debug|Any CPU.Build.0 = Debug|Any CPU
		{581CC062-EFAD-047B-14A9-B1F614DD9CDE}.Release|Any CPU.ActiveCfg = Release|Any CPU
		{581CC062-EFAD-047B-14A9-B1F614DD9CDE}.Release|Any CPU.Build.0 = Release|Any CPU
		{1C41B0EC-9EE4-2CF0-1FFA-C23CC0B573CE}.Debug|Any CPU.ActiveCfg = Debug|Any CPU
		{1C41B0EC-9EE4-2CF0-1FFA-C23CC0B573CE}.Debug|Any CPU.Build.0 = Debug|Any CPU
		{1C41B0EC-9EE4-2CF0-1FFA-C23CC0B573CE}.Release|Any CPU.ActiveCfg = Release|Any CPU
		{1C41B0EC-9EE4-2CF0-1FFA-C23CC0B573CE}.Release|Any CPU.Build.0 = Release|Any CPU
		{4C3E2FF5-E016-CD85-D5F1-28F754499689}.Debug|Any CPU.ActiveCfg = Debug|Any CPU
		{4C3E2FF5-E016-CD85-D5F1-28F754499689}.Debug|Any CPU.Build.0 = Debug|Any CPU
		{4C3E2FF5-E016-CD85-D5F1-28F754499689}.Release|Any CPU.ActiveCfg = Release|Any CPU
		{4C3E2FF5-E016-CD85-D5F1-28F754499689}.Release|Any CPU.Build.0 = Release|Any CPU
		{49D37C45-08B6-E13E-25B7-CF264207D493}.Debug|Any CPU.ActiveCfg = Debug|Any CPU
		{49D37C45-08B6-E13E-25B7-CF264207D493}.Debug|Any CPU.Build.0 = Debug|Any CPU
		{49D37C45-08B6-E13E-25B7-CF264207D493}.Release|Any CPU.ActiveCfg = Release|Any CPU
		{49D37C45-08B6-E13E-25B7-CF264207D493}.Release|Any CPU.Build.0 = Release|Any CPU
		{E6A4B069-5EC2-09ED-CB37-42D9149B4E31}.Debug|Any CPU.ActiveCfg = Debug|Any CPU
		{E6A4B069-5EC2-09ED-CB37-42D9149B4E31}.Debug|Any CPU.Build.0 = Debug|Any CPU
		{E6A4B069-5EC2-09ED-CB37-42D9149B4E31}.Release|Any CPU.ActiveCfg = Release|Any CPU
		{E6A4B069-5EC2-09ED-CB37-42D9149B4E31}.Release|Any CPU.Build.0 = Release|Any CPU
		{457F267A-1079-F699-ABAB-797956BB7D38}.Debug|Any CPU.ActiveCfg = Debug|Any CPU
		{457F267A-1079-F699-ABAB-797956BB7D38}.Debug|Any CPU.Build.0 = Debug|Any CPU
		{457F267A-1079-F699-ABAB-797956BB7D38}.Release|Any CPU.ActiveCfg = Release|Any CPU
		{457F267A-1079-F699-ABAB-797956BB7D38}.Release|Any CPU.Build.0 = Release|Any CPU
		{CF4D92CE-727D-F764-271F-4C6A824102E8}.Debug|Any CPU.ActiveCfg = Debug|Any CPU
		{CF4D92CE-727D-F764-271F-4C6A824102E8}.Debug|Any CPU.Build.0 = Debug|Any CPU
		{CF4D92CE-727D-F764-271F-4C6A824102E8}.Release|Any CPU.ActiveCfg = Release|Any CPU
		{CF4D92CE-727D-F764-271F-4C6A824102E8}.Release|Any CPU.Build.0 = Release|Any CPU
		{AF1708AA-DA84-942E-089B-BE31D0291B7B}.Debug|Any CPU.ActiveCfg = Debug|Any CPU
		{AF1708AA-DA84-942E-089B-BE31D0291B7B}.Debug|Any CPU.Build.0 = Debug|Any CPU
		{AF1708AA-DA84-942E-089B-BE31D0291B7B}.Release|Any CPU.ActiveCfg = Release|Any CPU
		{AF1708AA-DA84-942E-089B-BE31D0291B7B}.Release|Any CPU.Build.0 = Release|Any CPU
		{99AC4B27-79E6-C51C-E104-026AD692345E}.Debug|Any CPU.ActiveCfg = Debug|Any CPU
		{99AC4B27-79E6-C51C-E104-026AD692345E}.Debug|Any CPU.Build.0 = Debug|Any CPU
		{99AC4B27-79E6-C51C-E104-026AD692345E}.Release|Any CPU.ActiveCfg = Release|Any CPU
		{99AC4B27-79E6-C51C-E104-026AD692345E}.Release|Any CPU.Build.0 = Release|Any CPU
		{66043932-61CD-D85E-F598-4B165AF51AAE}.Debug|Any CPU.ActiveCfg = Debug|Any CPU
		{66043932-61CD-D85E-F598-4B165AF51AAE}.Debug|Any CPU.Build.0 = Debug|Any CPU
		{66043932-61CD-D85E-F598-4B165AF51AAE}.Release|Any CPU.ActiveCfg = Release|Any CPU
		{66043932-61CD-D85E-F598-4B165AF51AAE}.Release|Any CPU.Build.0 = Release|Any CPU
		{20DB9D93-3216-3D35-1EC4-61715CEFC6B7}.Debug|Any CPU.ActiveCfg = Debug|Any CPU
		{20DB9D93-3216-3D35-1EC4-61715CEFC6B7}.Debug|Any CPU.Build.0 = Debug|Any CPU
		{20DB9D93-3216-3D35-1EC4-61715CEFC6B7}.Release|Any CPU.ActiveCfg = Release|Any CPU
		{20DB9D93-3216-3D35-1EC4-61715CEFC6B7}.Release|Any CPU.Build.0 = Release|Any CPU
		{7E99B70D-57F7-0D6B-3D29-B5FCCEB20C49}.Debug|Any CPU.ActiveCfg = Debug|Any CPU
		{7E99B70D-57F7-0D6B-3D29-B5FCCEB20C49}.Debug|Any CPU.Build.0 = Debug|Any CPU
		{7E99B70D-57F7-0D6B-3D29-B5FCCEB20C49}.Release|Any CPU.ActiveCfg = Release|Any CPU
		{7E99B70D-57F7-0D6B-3D29-B5FCCEB20C49}.Release|Any CPU.Build.0 = Release|Any CPU
		{DCF02FB2-98FC-BE15-D930-175D2C3F4BC6}.Debug|Any CPU.ActiveCfg = Debug|Any CPU
		{DCF02FB2-98FC-BE15-D930-175D2C3F4BC6}.Debug|Any CPU.Build.0 = Debug|Any CPU
		{DCF02FB2-98FC-BE15-D930-175D2C3F4BC6}.Release|Any CPU.ActiveCfg = Release|Any CPU
		{DCF02FB2-98FC-BE15-D930-175D2C3F4BC6}.Release|Any CPU.Build.0 = Release|Any CPU
		{CA8C3A50-CF75-8F21-2C47-5CDAF2F0C92F}.Debug|Any CPU.ActiveCfg = Debug|Any CPU
		{CA8C3A50-CF75-8F21-2C47-5CDAF2F0C92F}.Debug|Any CPU.Build.0 = Debug|Any CPU
		{CA8C3A50-CF75-8F21-2C47-5CDAF2F0C92F}.Release|Any CPU.ActiveCfg = Release|Any CPU
		{CA8C3A50-CF75-8F21-2C47-5CDAF2F0C92F}.Release|Any CPU.Build.0 = Release|Any CPU
		{7578CDAD-77E5-B841-E190-E75BDDA65033}.Debug|Any CPU.ActiveCfg = Debug|Any CPU
		{7578CDAD-77E5-B841-E190-E75BDDA65033}.Debug|Any CPU.Build.0 = Debug|Any CPU
		{7578CDAD-77E5-B841-E190-E75BDDA65033}.Release|Any CPU.ActiveCfg = Release|Any CPU
		{7578CDAD-77E5-B841-E190-E75BDDA65033}.Release|Any CPU.Build.0 = Release|Any CPU
		{23E18951-52D9-805B-06CD-2C3A05590E2D}.Debug|Any CPU.ActiveCfg = Debug|Any CPU
		{23E18951-52D9-805B-06CD-2C3A05590E2D}.Debug|Any CPU.Build.0 = Debug|Any CPU
		{23E18951-52D9-805B-06CD-2C3A05590E2D}.Release|Any CPU.ActiveCfg = Release|Any CPU
		{23E18951-52D9-805B-06CD-2C3A05590E2D}.Release|Any CPU.Build.0 = Release|Any CPU
		{524C7C39-CAEF-5780-07AB-E0C50DAF4D09}.Debug|Any CPU.ActiveCfg = Debug|Any CPU
		{524C7C39-CAEF-5780-07AB-E0C50DAF4D09}.Debug|Any CPU.Build.0 = Debug|Any CPU
		{524C7C39-CAEF-5780-07AB-E0C50DAF4D09}.Release|Any CPU.ActiveCfg = Release|Any CPU
		{524C7C39-CAEF-5780-07AB-E0C50DAF4D09}.Release|Any CPU.Build.0 = Release|Any CPU
		{D821AE8B-5B34-3933-C79B-A2355D29C0BF}.Debug|Any CPU.ActiveCfg = Debug|Any CPU
		{D821AE8B-5B34-3933-C79B-A2355D29C0BF}.Debug|Any CPU.Build.0 = Debug|Any CPU
		{D821AE8B-5B34-3933-C79B-A2355D29C0BF}.Release|Any CPU.ActiveCfg = Release|Any CPU
		{D821AE8B-5B34-3933-C79B-A2355D29C0BF}.Release|Any CPU.Build.0 = Release|Any CPU
		{32663694-84BE-9412-EA5B-465D19BE121E}.Debug|Any CPU.ActiveCfg = Debug|Any CPU
		{32663694-84BE-9412-EA5B-465D19BE121E}.Debug|Any CPU.Build.0 = Debug|Any CPU
		{32663694-84BE-9412-EA5B-465D19BE121E}.Release|Any CPU.ActiveCfg = Release|Any CPU
		{32663694-84BE-9412-EA5B-465D19BE121E}.Release|Any CPU.Build.0 = Release|Any CPU
		{40201C1A-1272-1193-0EB1-B37349174E03}.Debug|Any CPU.ActiveCfg = Debug|Any CPU
		{40201C1A-1272-1193-0EB1-B37349174E03}.Debug|Any CPU.Build.0 = Debug|Any CPU
		{40201C1A-1272-1193-0EB1-B37349174E03}.Release|Any CPU.ActiveCfg = Release|Any CPU
		{40201C1A-1272-1193-0EB1-B37349174E03}.Release|Any CPU.Build.0 = Release|Any CPU
		{9CEFD488-C77F-0B2C-56B9-9AD970A56FC8}.Debug|Any CPU.ActiveCfg = Debug|Any CPU
		{9CEFD488-C77F-0B2C-56B9-9AD970A56FC8}.Debug|Any CPU.Build.0 = Debug|Any CPU
		{9CEFD488-C77F-0B2C-56B9-9AD970A56FC8}.Release|Any CPU.ActiveCfg = Release|Any CPU
		{9CEFD488-C77F-0B2C-56B9-9AD970A56FC8}.Release|Any CPU.Build.0 = Release|Any CPU
		{0DF0C192-6A11-E879-ADF9-537F34408904}.Debug|Any CPU.ActiveCfg = Debug|Any CPU
		{0DF0C192-6A11-E879-ADF9-537F34408904}.Debug|Any CPU.Build.0 = Debug|Any CPU
		{0DF0C192-6A11-E879-ADF9-537F34408904}.Release|Any CPU.ActiveCfg = Release|Any CPU
		{0DF0C192-6A11-E879-ADF9-537F34408904}.Release|Any CPU.Build.0 = Release|Any CPU
		{8DA28C2F-777B-F580-3353-E0009DE74AB0}.Debug|Any CPU.ActiveCfg = Debug|Any CPU
		{8DA28C2F-777B-F580-3353-E0009DE74AB0}.Debug|Any CPU.Build.0 = Debug|Any CPU
		{8DA28C2F-777B-F580-3353-E0009DE74AB0}.Release|Any CPU.ActiveCfg = Release|Any CPU
		{8DA28C2F-777B-F580-3353-E0009DE74AB0}.Release|Any CPU.Build.0 = Release|Any CPU
		{897115E3-4EFC-FFAB-2519-685B5FFEC02D}.Debug|Any CPU.ActiveCfg = Debug|Any CPU
		{897115E3-4EFC-FFAB-2519-685B5FFEC02D}.Debug|Any CPU.Build.0 = Debug|Any CPU
		{897115E3-4EFC-FFAB-2519-685B5FFEC02D}.Release|Any CPU.ActiveCfg = Release|Any CPU
		{897115E3-4EFC-FFAB-2519-685B5FFEC02D}.Release|Any CPU.Build.0 = Release|Any CPU
		{C2B84BB1-A401-F2D5-62B7-55A3CE6A4316}.Debug|Any CPU.ActiveCfg = Debug|Any CPU
		{C2B84BB1-A401-F2D5-62B7-55A3CE6A4316}.Debug|Any CPU.Build.0 = Debug|Any CPU
		{C2B84BB1-A401-F2D5-62B7-55A3CE6A4316}.Release|Any CPU.ActiveCfg = Release|Any CPU
		{C2B84BB1-A401-F2D5-62B7-55A3CE6A4316}.Release|Any CPU.Build.0 = Release|Any CPU
		{175A5BCB-AB0C-1015-20CB-165B53ADB036}.Debug|Any CPU.ActiveCfg = Debug|Any CPU
		{175A5BCB-AB0C-1015-20CB-165B53ADB036}.Debug|Any CPU.Build.0 = Debug|Any CPU
		{175A5BCB-AB0C-1015-20CB-165B53ADB036}.Release|Any CPU.ActiveCfg = Release|Any CPU
		{175A5BCB-AB0C-1015-20CB-165B53ADB036}.Release|Any CPU.Build.0 = Release|Any CPU
		{5A646BFF-BB9D-AE77-773F-66A2D59A5ED4}.Debug|Any CPU.ActiveCfg = Debug|Any CPU
		{5A646BFF-BB9D-AE77-773F-66A2D59A5ED4}.Debug|Any CPU.Build.0 = Debug|Any CPU
		{5A646BFF-BB9D-AE77-773F-66A2D59A5ED4}.Release|Any CPU.ActiveCfg = Release|Any CPU
		{5A646BFF-BB9D-AE77-773F-66A2D59A5ED4}.Release|Any CPU.Build.0 = Release|Any CPU
	EndGlobalSection
	GlobalSection(SolutionProperties) = preSolution
		HideSolutionNode = FALSE
	EndGlobalSection
EndGlobal
